// !$*UTF8*$!
{
	archiveVersion = 1;
	classes = {
	};
	objectVersion = 46;
	objects = {

/* Begin PBXBuildFile section */
		D64D13A01CF9827C00002A5E /* main.m in Sources */ = {isa = PBXBuildFile; fileRef = D64D139F1CF9827C00002A5E /* main.m */; };
		D64D13A31CF9827C00002A5E /* AppDelegate.m in Sources */ = {isa = PBXBuildFile; fileRef = D64D13A21CF9827C00002A5E /* AppDelegate.m */; };
		D64D13A61CF9827C00002A5E /* ViewController.m in Sources */ = {isa = PBXBuildFile; fileRef = D64D13A51CF9827C00002A5E /* ViewController.m */; };
		D64D13A91CF9827C00002A5E /* Main.storyboard in Resources */ = {isa = PBXBuildFile; fileRef = D64D13A71CF9827C00002A5E /* Main.storyboard */; };
		D64D13AB1CF9827C00002A5E /* Assets.xcassets in Resources */ = {isa = PBXBuildFile; fileRef = D64D13AA1CF9827C00002A5E /* Assets.xcassets */; };
		D64D13AE1CF9827C00002A5E /* LaunchScreen.storyboard in Resources */ = {isa = PBXBuildFile; fileRef = D64D13AC1CF9827C00002A5E /* LaunchScreen.storyboard */; };
		D64D13B91CF9827C00002A5E /* FZHDrawCircleTests.m in Sources */ = {isa = PBXBuildFile; fileRef = D64D13B81CF9827C00002A5E /* FZHDrawCircleTests.m */; };
		D64D13C41CF9827C00002A5E /* FZHDrawCircleUITests.m in Sources */ = {isa = PBXBuildFile; fileRef = D64D13C31CF9827C00002A5E /* FZHDrawCircleUITests.m */; };
		D64D13D61CF9833A00002A5E /* FZHDrawCircleView.m in Sources */ = {isa = PBXBuildFile; fileRef = D64D13D51CF9833A00002A5E /* FZHDrawCircleView.m */; };
/* End PBXBuildFile section */

/* Begin PBXContainerItemProxy section */
		D64D13B51CF9827C00002A5E /* PBXContainerItemProxy */ = {
			isa = PBXContainerItemProxy;
			containerPortal = D64D13931CF9827C00002A5E /* Project object */;
			proxyType = 1;
			remoteGlobalIDString = D64D139A1CF9827C00002A5E;
			remoteInfo = FZHDrawCircle;
		};
		D64D13C01CF9827C00002A5E /* PBXContainerItemProxy */ = {
			isa = PBXContainerItemProxy;
			containerPortal = D64D13931CF9827C00002A5E /* Project object */;
			proxyType = 1;
			remoteGlobalIDString = D64D139A1CF9827C00002A5E;
			remoteInfo = FZHDrawCircle;
		};
/* End PBXContainerItemProxy section */

/* Begin PBXFileReference section */
		D64D139B1CF9827C00002A5E /* FZHDrawCircle.app */ = {isa = PBXFileReference; explicitFileType = wrapper.application; includeInIndex = 0; path = FZHDrawCircle.app; sourceTree = BUILT_PRODUCTS_DIR; };
		D64D139F1CF9827C00002A5E /* main.m */ = {isa = PBXFileReference; lastKnownFileType = sourcecode.c.objc; path = main.m; sourceTree = "<group>"; };
		D64D13A11CF9827C00002A5E /* AppDelegate.h */ = {isa = PBXFileReference; lastKnownFileType = sourcecode.c.h; path = AppDelegate.h; sourceTree = "<group>"; };
		D64D13A21CF9827C00002A5E /* AppDelegate.m */ = {isa = PBXFileReference; lastKnownFileType = sourcecode.c.objc; path = AppDelegate.m; sourceTree = "<group>"; };
		D64D13A41CF9827C00002A5E /* ViewController.h */ = {isa = PBXFileReference; lastKnownFileType = sourcecode.c.h; path = ViewController.h; sourceTree = "<group>"; };
		D64D13A51CF9827C00002A5E /* ViewController.m */ = {isa = PBXFileReference; lastKnownFileType = sourcecode.c.objc; path = ViewController.m; sourceTree = "<group>"; };
		D64D13A81CF9827C00002A5E /* Base */ = {isa = PBXFileReference; lastKnownFileType = file.storyboard; name = Base; path = Base.lproj/Main.storyboard; sourceTree = "<group>"; };
		D64D13AA1CF9827C00002A5E /* Assets.xcassets */ = {isa = PBXFileReference; lastKnownFileType = folder.assetcatalog; path = Assets.xcassets; sourceTree = "<group>"; };
		D64D13AD1CF9827C00002A5E /* Base */ = {isa = PBXFileReference; lastKnownFileType = file.storyboard; name = Base; path = Base.lproj/LaunchScreen.storyboard; sourceTree = "<group>"; };
		D64D13AF1CF9827C00002A5E /* Info.plist */ = {isa = PBXFileReference; lastKnownFileType = text.plist.xml; path = Info.plist; sourceTree = "<group>"; };
		D64D13B41CF9827C00002A5E /* FZHDrawCircleTests.xctest */ = {isa = PBXFileReference; explicitFileType = wrapper.cfbundle; includeInIndex = 0; path = FZHDrawCircleTests.xctest; sourceTree = BUILT_PRODUCTS_DIR; };
		D64D13B81CF9827C00002A5E /* FZHDrawCircleTests.m */ = {isa = PBXFileReference; lastKnownFileType = sourcecode.c.objc; path = FZHDrawCircleTests.m; sourceTree = "<group>"; };
		D64D13BA1CF9827C00002A5E /* Info.plist */ = {isa = PBXFileReference; lastKnownFileType = text.plist.xml; path = Info.plist; sourceTree = "<group>"; };
		D64D13BF1CF9827C00002A5E /* FZHDrawCircleUITests.xctest */ = {isa = PBXFileReference; explicitFileType = wrapper.cfbundle; includeInIndex = 0; path = FZHDrawCircleUITests.xctest; sourceTree = BUILT_PRODUCTS_DIR; };
		D64D13C31CF9827C00002A5E /* FZHDrawCircleUITests.m */ = {isa = PBXFileReference; lastKnownFileType = sourcecode.c.objc; path = FZHDrawCircleUITests.m; sourceTree = "<group>"; };
		D64D13C51CF9827C00002A5E /* Info.plist */ = {isa = PBXFileReference; lastKnownFileType = text.plist.xml; path = Info.plist; sourceTree = "<group>"; };
		D64D13D41CF9833A00002A5E /* FZHDrawCircleView.h */ = {isa = PBXFileReference; fileEncoding = 4; lastKnownFileType = sourcecode.c.h; path = FZHDrawCircleView.h; sourceTree = "<group>"; };
		D64D13D51CF9833A00002A5E /* FZHDrawCircleView.m */ = {isa = PBXFileReference; fileEncoding = 4; lastKnownFileType = sourcecode.c.objc; path = FZHDrawCircleView.m; sourceTree = "<group>"; };
/* End PBXFileReference section */

/* Begin PBXFrameworksBuildPhase section */
		D64D13981CF9827C00002A5E /* Frameworks */ = {
			isa = PBXFrameworksBuildPhase;
			buildActionMask = 2147483647;
			files = (
			);
			runOnlyForDeploymentPostprocessing = 0;
		};
		D64D13B11CF9827C00002A5E /* Frameworks */ = {
			isa = PBXFrameworksBuildPhase;
			buildActionMask = 2147483647;
			files = (
			);
			runOnlyForDeploymentPostprocessing = 0;
		};
		D64D13BC1CF9827C00002A5E /* Frameworks */ = {
			isa = PBXFrameworksBuildPhase;
			buildActionMask = 2147483647;
			files = (
			);
			runOnlyForDeploymentPostprocessing = 0;
		};
/* End PBXFrameworksBuildPhase section */

/* Begin PBXGroup section */
		D64D13921CF9827C00002A5E = {
			isa = PBXGroup;
			children = (
				D64D139D1CF9827C00002A5E /* FZHDrawCircle */,
				D64D13B71CF9827C00002A5E /* FZHDrawCircleTests */,
				D64D13C21CF9827C00002A5E /* FZHDrawCircleUITests */,
				D64D139C1CF9827C00002A5E /* Products */,
			);
			sourceTree = "<group>";
		};
		D64D139C1CF9827C00002A5E /* Products */ = {
			isa = PBXGroup;
			children = (
				D64D139B1CF9827C00002A5E /* FZHDrawCircle.app */,
				D64D13B41CF9827C00002A5E /* FZHDrawCircleTests.xctest */,
				D64D13BF1CF9827C00002A5E /* FZHDrawCircleUITests.xctest */,
			);
			name = Products;
			sourceTree = "<group>";
		};
		D64D139D1CF9827C00002A5E /* FZHDrawCircle */ = {
			isa = PBXGroup;
			children = (
				D64D13A11CF9827C00002A5E /* AppDelegate.h */,
				D64D13A21CF9827C00002A5E /* AppDelegate.m */,
				D64D13A41CF9827C00002A5E /* ViewController.h */,
				D64D13A51CF9827C00002A5E /* ViewController.m */,
				D64D13D41CF9833A00002A5E /* FZHDrawCircleView.h */,
				D64D13D51CF9833A00002A5E /* FZHDrawCircleView.m */,
				D64D13A71CF9827C00002A5E /* Main.storyboard */,
				D64D13AA1CF9827C00002A5E /* Assets.xcassets */,
				D64D13AC1CF9827C00002A5E /* LaunchScreen.storyboard */,
				D64D13AF1CF9827C00002A5E /* Info.plist */,
				D64D139E1CF9827C00002A5E /* Supporting Files */,
			);
			path = FZHDrawCircle;
			sourceTree = "<group>";
		};
		D64D139E1CF9827C00002A5E /* Supporting Files */ = {
			isa = PBXGroup;
			children = (
				D64D139F1CF9827C00002A5E /* main.m */,
			);
			name = "Supporting Files";
			sourceTree = "<group>";
		};
		D64D13B71CF9827C00002A5E /* FZHDrawCircleTests */ = {
			isa = PBXGroup;
			children = (
				D64D13B81CF9827C00002A5E /* FZHDrawCircleTests.m */,
				D64D13BA1CF9827C00002A5E /* Info.plist */,
			);
			path = FZHDrawCircleTests;
			sourceTree = "<group>";
		};
		D64D13C21CF9827C00002A5E /* FZHDrawCircleUITests */ = {
			isa = PBXGroup;
			children = (
				D64D13C31CF9827C00002A5E /* FZHDrawCircleUITests.m */,
				D64D13C51CF9827C00002A5E /* Info.plist */,
			);
			path = FZHDrawCircleUITests;
			sourceTree = "<group>";
		};
/* End PBXGroup section */

/* Begin PBXNativeTarget section */
		D64D139A1CF9827C00002A5E /* FZHDrawCircle */ = {
			isa = PBXNativeTarget;
			buildConfigurationList = D64D13C81CF9827C00002A5E /* Build configuration list for PBXNativeTarget "FZHDrawCircle" */;
			buildPhases = (
				D64D13971CF9827C00002A5E /* Sources */,
				D64D13981CF9827C00002A5E /* Frameworks */,
				D64D13991CF9827C00002A5E /* Resources */,
			);
			buildRules = (
			);
			dependencies = (
			);
			name = FZHDrawCircle;
			productName = FZHDrawCircle;
			productReference = D64D139B1CF9827C00002A5E /* FZHDrawCircle.app */;
			productType = "com.apple.product-type.application";
		};
		D64D13B31CF9827C00002A5E /* FZHDrawCircleTests */ = {
			isa = PBXNativeTarget;
			buildConfigurationList = D64D13CB1CF9827C00002A5E /* Build configuration list for PBXNativeTarget "FZHDrawCircleTests" */;
			buildPhases = (
				D64D13B01CF9827C00002A5E /* Sources */,
				D64D13B11CF9827C00002A5E /* Frameworks */,
				D64D13B21CF9827C00002A5E /* Resources */,
			);
			buildRules = (
			);
			dependencies = (
				D64D13B61CF9827C00002A5E /* PBXTargetDependency */,
			);
			name = FZHDrawCircleTests;
			productName = FZHDrawCircleTests;
			productReference = D64D13B41CF9827C00002A5E /* FZHDrawCircleTests.xctest */;
			productType = "com.apple.product-type.bundle.unit-test";
		};
		D64D13BE1CF9827C00002A5E /* FZHDrawCircleUITests */ = {
			isa = PBXNativeTarget;
			buildConfigurationList = D64D13CE1CF9827C00002A5E /* Build configuration list for PBXNativeTarget "FZHDrawCircleUITests" */;
			buildPhases = (
				D64D13BB1CF9827C00002A5E /* Sources */,
				D64D13BC1CF9827C00002A5E /* Frameworks */,
				D64D13BD1CF9827C00002A5E /* Resources */,
			);
			buildRules = (
			);
			dependencies = (
				D64D13C11CF9827C00002A5E /* PBXTargetDependency */,
			);
			name = FZHDrawCircleUITests;
			productName = FZHDrawCircleUITests;
			productReference = D64D13BF1CF9827C00002A5E /* FZHDrawCircleUITests.xctest */;
			productType = "com.apple.product-type.bundle.ui-testing";
		};
/* End PBXNativeTarget section */

/* Begin PBXProject section */
		D64D13931CF9827C00002A5E /* Project object */ = {
			isa = PBXProject;
			attributes = {
				LastUpgradeCheck = 0730;
				ORGANIZATIONNAME = FZH;
				TargetAttributes = {
					D64D139A1CF9827C00002A5E = {
						CreatedOnToolsVersion = 7.3;
						DevelopmentTeam = 93J5P3W89X;
					};
					D64D13B31CF9827C00002A5E = {
						CreatedOnToolsVersion = 7.3;
						DevelopmentTeam = 93J5P3W89X;
						TestTargetID = D64D139A1CF9827C00002A5E;
					};
					D64D13BE1CF9827C00002A5E = {
						CreatedOnToolsVersion = 7.3;
						DevelopmentTeam = 93J5P3W89X;
						TestTargetID = D64D139A1CF9827C00002A5E;
					};
				};
			};
			buildConfigurationList = D64D13961CF9827C00002A5E /* Build configuration list for PBXProject "FZHDrawCircle" */;
			compatibilityVersion = "Xcode 3.2";
			developmentRegion = English;
			hasScannedForEncodings = 0;
			knownRegions = (
				en,
				Base,
			);
			mainGroup = D64D13921CF9827C00002A5E;
			productRefGroup = D64D139C1CF9827C00002A5E /* Products */;
			projectDirPath = "";
			projectRoot = "";
			targets = (
				D64D139A1CF9827C00002A5E /* FZHDrawCircle */,
				D64D13B31CF9827C00002A5E /* FZHDrawCircleTests */,
				D64D13BE1CF9827C00002A5E /* FZHDrawCircleUITests */,
			);
		};
/* End PBXProject section */

/* Begin PBXResourcesBuildPhase section */
		D64D13991CF9827C00002A5E /* Resources */ = {
			isa = PBXResourcesBuildPhase;
			buildActionMask = 2147483647;
			files = (
				D64D13AE1CF9827C00002A5E /* LaunchScreen.storyboard in Resources */,
				D64D13AB1CF9827C00002A5E /* Assets.xcassets in Resources */,
				D64D13A91CF9827C00002A5E /* Main.storyboard in Resources */,
			);
			runOnlyForDeploymentPostprocessing = 0;
		};
		D64D13B21CF9827C00002A5E /* Resources */ = {
			isa = PBXResourcesBuildPhase;
			buildActionMask = 2147483647;
			files = (
			);
			runOnlyForDeploymentPostprocessing = 0;
		};
		D64D13BD1CF9827C00002A5E /* Resources */ = {
			isa = PBXResourcesBuildPhase;
			buildActionMask = 2147483647;
			files = (
			);
			runOnlyForDeploymentPostprocessing = 0;
		};
/* End PBXResourcesBuildPhase section */

/* Begin PBXSourcesBuildPhase section */
		D64D13971CF9827C00002A5E /* Sources */ = {
			isa = PBXSourcesBuildPhase;
			buildActionMask = 2147483647;
			files = (
				D64D13A61CF9827C00002A5E /* ViewController.m in Sources */,
				D64D13A31CF9827C00002A5E /* AppDelegate.m in Sources */,
				D64D13A01CF9827C00002A5E /* main.m in Sources */,
				D64D13D61CF9833A00002A5E /* FZHDrawCircleView.m in Sources */,
			);
			runOnlyForDeploymentPostprocessing = 0;
		};
		D64D13B01CF9827C00002A5E /* Sources */ = {
			isa = PBXSourcesBuildPhase;
			buildActionMask = 2147483647;
			files = (
				D64D13B91CF9827C00002A5E /* FZHDrawCircleTests.m in Sources */,
			);
			runOnlyForDeploymentPostprocessing = 0;
		};
		D64D13BB1CF9827C00002A5E /* Sources */ = {
			isa = PBXSourcesBuildPhase;
			buildActionMask = 2147483647;
			files = (
				D64D13C41CF9827C00002A5E /* FZHDrawCircleUITests.m in Sources */,
			);
			runOnlyForDeploymentPostprocessing = 0;
		};
/* End PBXSourcesBuildPhase section */

/* Begin PBXTargetDependency section */
		D64D13B61CF9827C00002A5E /* PBXTargetDependency */ = {
			isa = PBXTargetDependency;
			target = D64D139A1CF9827C00002A5E /* FZHDrawCircle */;
			targetProxy = D64D13B51CF9827C00002A5E /* PBXContainerItemProxy */;
		};
		D64D13C11CF9827C00002A5E /* PBXTargetDependency */ = {
			isa = PBXTargetDependency;
			target = D64D139A1CF9827C00002A5E /* FZHDrawCircle */;
			targetProxy = D64D13C01CF9827C00002A5E /* PBXContainerItemProxy */;
		};
/* End PBXTargetDependency section */

/* Begin PBXVariantGroup section */
		D64D13A71CF9827C00002A5E /* Main.storyboard */ = {
			isa = PBXVariantGroup;
			children = (
				D64D13A81CF9827C00002A5E /* Base */,
			);
			name = Main.storyboard;
			sourceTree = "<group>";
		};
		D64D13AC1CF9827C00002A5E /* LaunchScreen.storyboard */ = {
			isa = PBXVariantGroup;
			children = (
				D64D13AD1CF9827C00002A5E /* Base */,
			);
			name = LaunchScreen.storyboard;
			sourceTree = "<group>";
		};
/* End PBXVariantGroup section */

/* Begin XCBuildConfiguration section */
		D64D13C61CF9827C00002A5E /* Debug */ = {
			isa = XCBuildConfiguration;
			buildSettings = {
				ALWAYS_SEARCH_USER_PATHS = NO;
				CLANG_ANALYZER_NONNULL = YES;
				CLANG_CXX_LANGUAGE_STANDARD = "gnu++0x";
				CLANG_CXX_LIBRARY = "libc++";
				CLANG_ENABLE_MODULES = YES;
				CLANG_ENABLE_OBJC_ARC = YES;
				CLANG_WARN_BOOL_CONVERSION = YES;
				CLANG_WARN_CONSTANT_CONVERSION = YES;
				CLANG_WARN_DIRECT_OBJC_ISA_USAGE = YES_ERROR;
				CLANG_WARN_EMPTY_BODY = YES;
				CLANG_WARN_ENUM_CONVERSION = YES;
				CLANG_WARN_INT_CONVERSION = YES;
				CLANG_WARN_OBJC_ROOT_CLASS = YES_ERROR;
				CLANG_WARN_UNREACHABLE_CODE = YES;
				CLANG_WARN__DUPLICATE_METHOD_MATCH = YES;
				"CODE_SIGN_IDENTITY[sdk=iphoneos*]" = "iPhone Developer";
				COPY_PHASE_STRIP = NO;
				DEBUG_INFORMATION_FORMAT = dwarf;
				ENABLE_STRICT_OBJC_MSGSEND = YES;
				ENABLE_TESTABILITY = YES;
				GCC_C_LANGUAGE_STANDARD = gnu99;
				GCC_DYNAMIC_NO_PIC = NO;
				GCC_NO_COMMON_BLOCKS = YES;
				GCC_OPTIMIZATION_LEVEL = 0;
				GCC_PREPROCESSOR_DEFINITIONS = (
					"DEBUG=1",
					"$(inherited)",
				);
				GCC_WARN_64_TO_32_BIT_CONVERSION = YES;
				GCC_WARN_ABOUT_RETURN_TYPE = YES_ERROR;
				GCC_WARN_UNDECLARED_SELECTOR = YES;
				GCC_WARN_UNINITIALIZED_AUTOS = YES_AGGRESSIVE;
				GCC_WARN_UNUSED_FUNCTION = YES;
				GCC_WARN_UNUSED_VARIABLE = YES;
				IPHONEOS_DEPLOYMENT_TARGET = 9.3;
				MTL_ENABLE_DEBUG_INFO = YES;
				ONLY_ACTIVE_ARCH = YES;
				SDKROOT = iphoneos;
			};
			name = Debug;
		};
		D64D13C71CF9827C00002A5E /* Release */ = {
			isa = XCBuildConfiguration;
			buildSettings = {
				ALWAYS_SEARCH_USER_PATHS = NO;
				CLANG_ANALYZER_NONNULL = YES;
				CLANG_CXX_LANGUAGE_STANDARD = "gnu++0x";
				CLANG_CXX_LIBRARY = "libc++";
				CLANG_ENABLE_MODULES = YES;
				CLANG_ENABLE_OBJC_ARC = YES;
				CLANG_WARN_BOOL_CONVERSION = YES;
				CLANG_WARN_CONSTANT_CONVERSION = YES;
				CLANG_WARN_DIRECT_OBJC_ISA_USAGE = YES_ERROR;
				CLANG_WARN_EMPTY_BODY = YES;
				CLANG_WARN_ENUM_CONVERSION = YES;
				CLANG_WARN_INT_CONVERSION = YES;
				CLANG_WARN_OBJC_ROOT_CLASS = YES_ERROR;
				CLANG_WARN_UNREACHABLE_CODE = YES;
				CLANG_WARN__DUPLICATE_METHOD_MATCH = YES;
				"CODE_SIGN_IDENTITY[sdk=iphoneos*]" = "iPhone Developer";
				COPY_PHASE_STRIP = NO;
				DEBUG_INFORMATION_FORMAT = "dwarf-with-dsym";
				ENABLE_NS_ASSERTIONS = NO;
				ENABLE_STRICT_OBJC_MSGSEND = YES;
				GCC_C_LANGUAGE_STANDARD = gnu99;
				GCC_NO_COMMON_BLOCKS = YES;
				GCC_WARN_64_TO_32_BIT_CONVERSION = YES;
				GCC_WARN_ABOUT_RETURN_TYPE = YES_ERROR;
				GCC_WARN_UNDECLARED_SELECTOR = YES;
				GCC_WARN_UNINITIALIZED_AUTOS = YES_AGGRESSIVE;
				GCC_WARN_UNUSED_FUNCTION = YES;
				GCC_WARN_UNUSED_VARIABLE = YES;
				IPHONEOS_DEPLOYMENT_TARGET = 9.3;
				MTL_ENABLE_DEBUG_INFO = NO;
				SDKROOT = iphoneos;
				VALIDATE_PRODUCT = YES;
			};
			name = Release;
		};
		D64D13C91CF9827C00002A5E /* Debug */ = {
			isa = XCBuildConfiguration;
			buildSettings = {
				ASSETCATALOG_COMPILER_APPICON_NAME = AppIcon;
				INFOPLIST_FILE = FZHDrawCircle/Info.plist;
				LD_RUNPATH_SEARCH_PATHS = "$(inherited) @executable_path/Frameworks";
				PRODUCT_BUNDLE_IDENTIFIER = com.fengzhihao.FZHDrawCircle;
				PRODUCT_NAME = "$(TARGET_NAME)";
			};
			name = Debug;
		};
		D64D13CA1CF9827C00002A5E /* Release */ = {
			isa = XCBuildConfiguration;
			buildSettings = {
				ASSETCATALOG_COMPILER_APPICON_NAME = AppIcon;
				INFOPLIST_FILE = FZHDrawCircle/Info.plist;
				LD_RUNPATH_SEARCH_PATHS = "$(inherited) @executable_path/Frameworks";
				PRODUCT_BUNDLE_IDENTIFIER = com.fengzhihao.FZHDrawCircle;
				PRODUCT_NAME = "$(TARGET_NAME)";
			};
			name = Release;
		};
		D64D13CC1CF9827C00002A5E /* Debug */ = {
			isa = XCBuildConfiguration;
			buildSettings = {
				BUNDLE_LOADER = "$(TEST_HOST)";
				INFOPLIST_FILE = FZHDrawCircleTests/Info.plist;
				LD_RUNPATH_SEARCH_PATHS = "$(inherited) @executable_path/Frameworks @loader_path/Frameworks";
				PRODUCT_BUNDLE_IDENTIFIER = com.fengzhihao.FZHDrawCircleTests;
				PRODUCT_NAME = "$(TARGET_NAME)";
				TEST_HOST = "$(BUILT_PRODUCTS_DIR)/FZHDrawCircle.app/FZHDrawCircle";
			};
			name = Debug;
		};
		D64D13CD1CF9827C00002A5E /* Release */ = {
			isa = XCBuildConfiguration;
			buildSettings = {
				BUNDLE_LOADER = "$(TEST_HOST)";
				INFOPLIST_FILE = FZHDrawCircleTests/Info.plist;
				LD_RUNPATH_SEARCH_PATHS = "$(inherited) @executable_path/Frameworks @loader_path/Frameworks";
				PRODUCT_BUNDLE_IDENTIFIER = com.fengzhihao.FZHDrawCircleTests;
				PRODUCT_NAME = "$(TARGET_NAME)";
				TEST_HOST = "$(BUILT_PRODUCTS_DIR)/FZHDrawCircle.app/FZHDrawCircle";
			};
			name = Release;
		};
		D64D13CF1CF9827C00002A5E /* Debug */ = {
			isa = XCBuildConfiguration;
			buildSettings = {
				INFOPLIST_FILE = FZHDrawCircleUITests/Info.plist;
				LD_RUNPATH_SEARCH_PATHS = "$(inherited) @executable_path/Frameworks @loader_path/Frameworks";
				PRODUCT_BUNDLE_IDENTIFIER = com.fengzhihao.FZHDrawCircleUITests;
				PRODUCT_NAME = "$(TARGET_NAME)";
				TEST_TARGET_NAME = FZHDrawCircle;
			};
			name = Debug;
		};
		D64D13D01CF9827C00002A5E /* Release */ = {
			isa = XCBuildConfiguration;
			buildSettings = {
				INFOPLIST_FILE = FZHDrawCircleUITests/Info.plist;
				LD_RUNPATH_SEARCH_PATHS = "$(inherited) @executable_path/Frameworks @loader_path/Frameworks";
				PRODUCT_BUNDLE_IDENTIFIER = com.fengzhihao.FZHDrawCircleUITests;
				PRODUCT_NAME = "$(TARGET_NAME)";
				TEST_TARGET_NAME = FZHDrawCircle;
			};
			name = Release;
		};
/* End XCBuildConfiguration section */

/* Begin XCConfigurationList section */
		D64D13961CF9827C00002A5E /* Build configuration list for PBXProject "FZHDrawCircle" */ = {
			isa = XCConfigurationList;
			buildConfigurations = (
				D64D13C61CF9827C00002A5E /* Debug */,
				D64D13C71CF9827C00002A5E /* Release */,
			);
			defaultConfigurationIsVisible = 0;
			defaultConfigurationName = Release;
		};
		D64D13C81CF9827C00002A5E /* Build configuration list for PBXNativeTarget "FZHDrawCircle" */ = {
			isa = XCConfigurationList;
			buildConfigurations = (
				D64D13C91CF9827C00002A5E /* Debug */,
				D64D13CA1CF9827C00002A5E /* Release */,
			);
			defaultConfigurationIsVisible = 0;
		};
		D64D13CB1CF9827C00002A5E /* Build configuration list for PBXNativeTarget "FZHDrawCircleTests" */ = {
			isa = XCConfigurationList;
			buildConfigurations = (
				D64D13CC1CF9827C00002A5E /* Debug */,
				D64D13CD1CF9827C00002A5E /* Release */,
			);
			defaultConfigurationIsVisible = 0;
		};
		D64D13CE1CF9827C00002A5E /* Build configuration list for PBXNativeTarget "FZHDrawCircleUITests" */ = {
			isa = XCConfigurationList;
			buildConfigurations = (
				D64D13CF1CF9827C00002A5E /* Debug */,
				D64D13D01CF9827C00002A5E /* Release */,
			);
			defaultConfigurationIsVisible = 0;
		};
/* End XCConfigurationList section */
	};
	rootObject = D64D13931CF9827C00002A5E /* Project object */;
}
